{
  "name": "donatedash",
  "version": "1.0.0",
  "lockfileVersion": 3,
  "requires": true,
  "packages": {
    "": {
      "name": "donatedash",
      "version": "1.0.0",
      "dependencies": {
        "@t3-oss/env-nextjs": "^0.13.8",
        "jiti": "^2.6.1",
        "jose": "^6.1.0",
        "next": "14.2.6",
        "react": "^18.2.0",
        "react-dom": "^18.2.0",
        "tailwindcss": "^4.1.16",
        "zod": "^4.1.12"
      }
    },
    "node_modules/@next/env": {
      "version": "14.2.6",
      "license": "MIT"
    },
    "node_modules/@next/swc-darwin-arm64": {
      "version": "14.2.6",
      "resolved": "https://registry.npmjs.org/@next/swc-darwin-arm64/-/swc-darwin-arm64-14.2.6.tgz",
      "integrity": "sha512-BtJZb+hYXGaVJJivpnDoi3JFVn80SHKCiiRUW3kk1SY6UCUy5dWFFSbh+tGi5lHAughzeduMyxbLt3pspvXNSg==",
      "cpu": [
        "arm64"
      ],
      "optional": true,
      "os": [
        "darwin"
      ],
      "engines": {
        "node": ">= 10"
      }
    },
    "node_modules/@next/swc-darwin-x64": {
      "version": "14.2.6",
      "resolved": "https://registry.npmjs.org/@next/swc-darwin-x64/-/swc-darwin-x64-14.2.6.tgz",
      "integrity": "sha512-ZHRbGpH6KHarzm6qEeXKSElSXh8dS2DtDPjQt3IMwY8QVk7GbdDYjvV4NgSnDA9huGpGgnyy3tH8i5yHCqVkiQ==",
      "cpu": [
        "x64"
      ],
      "optional": true,
      "os": [
        "darwin"
      ],
      "engines": {
        "node": ">= 10"
      }
    },
    "node_modules/@next/swc-linux-arm64-gnu": {
      "version": "14.2.6",
      "resolved": "https://registry.npmjs.org/@next/swc-linux-arm64-gnu/-/swc-linux-arm64-gnu-14.2.6.tgz",
      "integrity": "sha512-O4HqUEe3ZvKshXHcDUXn1OybN4cSZg7ZdwHJMGCXSUEVUqGTJVsOh17smqilIjooP/sIJksgl+1kcf2IWMZWHg==",
      "cpu": [
        "arm64"
      ],
      "optional": true,
      "os": [
        "linux"
      ],
      "engines": {
        "node": ">= 10"
      }
    },
    "node_modules/@next/swc-linux-arm64-musl": {
      "version": "14.2.6",
      "resolved": "https://registry.npmjs.org/@next/swc-linux-arm64-musl/-/swc-linux-arm64-musl-14.2.6.tgz",
      "integrity": "sha512-xUcdhr2hfalG8RDDGSFxQ75yOG894UlmFS4K2M0jLrUhauRBGOtUOxoDVwiIIuZQwZ3Y5hDsazNjdYGB0cQ9yQ==",
      "cpu": [
        "arm64"
      ],
      "optional": true,
      "os": [
        "linux"
      ],
      "engines": {
        "node": ">= 10"
      }
    },
    "node_modules/@next/swc-linux-x64-gnu": {
      "version": "14.2.6",
      "resolved": "https://registry.npmjs.org/@next/swc-linux-x64-gnu/-/swc-linux-x64-gnu-14.2.6.tgz",
      "integrity": "sha512-InosKxw8UMcA/wEib5n2QttwHSKHZHNSbGcMepBM0CTcNwpxWzX32KETmwbhKod3zrS8n1vJ+DuJKbL9ZAB0Ag==",
      "cpu": [
        "x64"
      ],
      "optional": true,
      "os": [
        "linux"
      ],
      "engines": {
        "node": ">= 10"
      }
    },
    "node_modules/@next/swc-linux-x64-musl": {
      "version": "14.2.6",
      "resolved": "https://registry.npmjs.org/@next/swc-linux-x64-musl/-/swc-linux-x64-musl-14.2.6.tgz",
      "integrity": "sha512-d4QXfJmt5pGJ7cG8qwxKSBnO5AXuKAFYxV7qyDRHnUNvY/dgDh+oX292gATpB2AAHgjdHd5ks1wXxIEj6muLUQ==",
      "cpu": [
        "x64"
      ],
      "optional": true,
      "os": [
        "linux"
      ],
      "engines": {
        "node": ">= 10"
      }
    },
    "node_modules/@next/swc-win32-arm64-msvc": {
      "version": "14.2.6",
      "resolved": "https://registry.npmjs.org/@next/swc-win32-arm64-msvc/-/swc-win32-arm64-msvc-14.2.6.tgz",
      "integrity": "sha512-AlgIhk4/G+PzOG1qdF1b05uKTMsuRatFlFzAi5G8RZ9h67CVSSuZSbqGHbJDlcV1tZPxq/d4G0q6qcHDKWf4aQ==",
      "cpu": [
        "arm64"
      ],
      "optional": true,
      "os": [
        "win32"
      ],
      "engines": {
        "node": ">= 10"
      }
    },
    "node_modules/@next/swc-win32-ia32-msvc": {
      "version": "14.2.6",
      "resolved": "https://registry.npmjs.org/@next/swc-win32-ia32-msvc/-/swc-win32-ia32-msvc-14.2.6.tgz",
      "integrity": "sha512-hNukAxq7hu4o5/UjPp5jqoBEtrpCbOmnUqZSKNJG8GrUVzfq0ucdhQFVrHcLRMvQcwqqDh1a5AJN9ORnNDpgBQ==",
      "cpu": [
        "ia32"
      ],
      "optional": true,
      "os": [
        "win32"
      ],
      "engines": {
        "node": ">= 10"
      }
    },
    "node_modules/@next/swc-win32-x64-msvc": {
      "version": "14.2.6",
      "cpu": [
        "x64"
      ],
      "license": "MIT",
      "optional": true,
      "os": [
        "win32"
      ],
      "engines": {
        "node": ">= 10"
      }
    },
    "node_modules/@swc/counter": {
      "version": "0.1.3",
      "license": "Apache-2.0"
    },
    "node_modules/@swc/helpers": {
      "version": "0.5.5",
      "license": "Apache-2.0",
      "dependencies": {
        "@swc/counter": "^0.1.3",
        "tslib": "^2.4.0"
      }
    },
    "node_modules/@t3-oss/env-core": {
      "version": "0.13.8",
      "license": "MIT",
      "peerDependencies": {
        "arktype": "^2.1.0",
        "typescript": ">=5.0.0",
        "valibot": "^1.0.0-beta.7 || ^1.0.0",
        "zod": "^3.24.0 || ^4.0.0-beta.0"
      },
      "peerDependenciesMeta": {
        "arktype": {
          "optional": true
        },
        "typescript": {
          "optional": true
        },
        "valibot": {
          "optional": true
        },
        "zod": {
          "optional": true
        }
      }
    },
    "node_modules/@t3-oss/env-nextjs": {
      "version": "0.13.8",
      "license": "MIT",
      "dependencies": {
        "@t3-oss/env-core": "0.13.8"
      },
      "peerDependencies": {
        "arktype": "^2.1.0",
        "typescript": ">=5.0.0",
        "valibot": "^1.0.0-beta.7 || ^1.0.0",
        "zod": "^3.24.0 || ^4.0.0-beta.0"
      },
      "peerDependenciesMeta": {
        "arktype": {
          "optional": true
        },
        "typescript": {
          "optional": true
        },
        "valibot": {
          "optional": true
        },
        "zod": {
          "optional": true
        }
      }
    },
    "node_modules/busboy": {
      "version": "1.6.0",
      "dependencies": {
        "streamsearch": "^1.1.0"
      },
      "engines": {
        "node": ">=10.16.0"
      }
    },
    "node_modules/caniuse-lite": {
      "version": "1.0.30001695",
      "funding": [
        {
          "type": "opencollective",
          "url": "https://opencollective.com/browserslist"
        },
        {
          "type": "tidelift",
          "url": "https://tidelift.com/funding/github/npm/caniuse-lite"
        },
        {
          "type": "github",
          "url": "https://github.com/sponsors/ai"
        }
      ],
      "license": "CC-BY-4.0"
    },
    "node_modules/client-only": {
      "version": "0.0.1",
      "license": "MIT"
    },
    "node_modules/graceful-fs": {
      "version": "4.2.11",
      "license": "ISC"
    },
    "node_modules/jiti": {
      "version": "2.6.1",
      "license": "MIT",
      "bin": {
        "jiti": "lib/jiti-cli.mjs"
      }
    },
    "node_modules/jose": {
      "version": "6.1.0",
      "resolved": "https://registry.npmjs.org/jose/-/jose-6.1.0.tgz",
      "integrity": "sha512-TTQJyoEoKcC1lscpVDCSsVgYzUDg/0Bt3WE//WiTPK6uOCQC2KZS4MpugbMWt/zyjkopgZoXhZuCi00gLudfUA==",
      "license": "MIT",
      "funding": {
        "url": "https://github.com/sponsors/panva"
      }
    },
    "node_modules/js-tokens": {
      "version": "4.0.0",
      "license": "MIT"
    },
    "node_modules/loose-envify": {
      "version": "1.4.0",
      "license": "MIT",
      "dependencies": {
        "js-tokens": "^3.0.0 || ^4.0.0"
      },
      "bin": {
        "loose-envify": "cli.js"
      }
    },
    "node_modules/nanoid": {
      "version": "3.3.8",
      "funding": [
        {
          "type": "github",
          "url": "https://github.com/sponsors/ai"
        }
      ],
      "license": "MIT",
      "bin": {
        "nanoid": "bin/nanoid.cjs"
      },
      "engines": {
        "node": "^10 || ^12 || ^13.7 || ^14 || >=15.0.1"
      }
    },
    "node_modules/next": {
      "version": "14.2.6",
      "license": "MIT",
      "dependencies": {
        "@next/env": "14.2.6",
        "@swc/helpers": "0.5.5",
        "busboy": "1.6.0",
        "caniuse-lite": "^1.0.30001579",
        "graceful-fs": "^4.2.11",
        "postcss": "8.4.31",
        "styled-jsx": "5.1.1"
      },
      "bin": {
        "next": "dist/bin/next"
      },
      "engines": {
        "node": ">=18.17.0"
      },
      "optionalDependencies": {
        "@next/swc-darwin-arm64": "14.2.6",
        "@next/swc-darwin-x64": "14.2.6",
        "@next/swc-linux-arm64-gnu": "14.2.6",
        "@next/swc-linux-arm64-musl": "14.2.6",
        "@next/swc-linux-x64-gnu": "14.2.6",
        "@next/swc-linux-x64-musl": "14.2.6",
        "@next/swc-win32-arm64-msvc": "14.2.6",
        "@next/swc-win32-ia32-msvc": "14.2.6",
        "@next/swc-win32-x64-msvc": "14.2.6"
      },
      "peerDependencies": {
        "@opentelemetry/api": "^1.1.0",
        "@playwright/test": "^1.41.2",
        "react": "^18.2.0",
        "react-dom": "^18.2.0",
        "sass": "^1.3.0"
      },
      "peerDependenciesMeta": {
        "@opentelemetry/api": {
          "optional": true
        },
        "@playwright/test": {
          "optional": true
        },
        "sass": {
          "optional": true
        }
      }
    },
    "node_modules/picocolors": {
      "version": "1.1.1",
      "license": "ISC"
    },
    "node_modules/postcss": {
      "version": "8.4.31",
      "funding": [
        {
          "type": "opencollective",
          "url": "https://opencollective.com/postcss/"
        },
        {
          "type": "tidelift",
          "url": "https://tidelift.com/funding/github/npm/postcss"
        },
        {
          "type": "github",
          "url": "https://github.com/sponsors/ai"
        }
      ],
      "license": "MIT",
      "dependencies": {
        "nanoid": "^3.3.6",
        "picocolors": "^1.0.0",
        "source-map-js": "^1.0.2"
      },
      "engines": {
        "node": "^10 || ^12 || >=14"
      }
    },
    "node_modules/react": {
      "version": "18.3.1",
      "license": "MIT",
      "peer": true,
      "dependencies": {
        "loose-envify": "^1.1.0"
      },
      "engines": {
        "node": ">=0.10.0"
      }
    },
    "node_modules/react-dom": {
      "version": "18.3.1",
      "license": "MIT",
      "peer": true,
      "dependencies": {
        "loose-envify": "^1.1.0",
        "scheduler": "^0.23.2"
      },
      "peerDependencies": {
        "react": "^18.3.1"
      }
    },
    "node_modules/scheduler": {
      "version": "0.23.2",
      "license": "MIT",
      "dependencies": {
        "loose-envify": "^1.1.0"
      }
    },
    "node_modules/source-map-js": {
      "version": "1.2.1",
      "license": "BSD-3-Clause",
      "engines": {
        "node": ">=0.10.0"
      }
    },
    "node_modules/streamsearch": {
      "version": "1.1.0",
      "engines": {
        "node": ">=10.0.0"
      }
    },
    "node_modules/styled-jsx": {
      "version": "5.1.1",
      "license": "MIT",
      "dependencies": {
        "client-only": "0.0.1"
      },
      "engines": {
        "node": ">= 12.0.0"
      },
      "peerDependencies": {
        "react": ">= 16.8.0 || 17.x.x || ^18.0.0-0"
      },
      "peerDependenciesMeta": {
        "@babel/core": {
          "optional": true
        },
        "babel-plugin-macros": {
          "optional": true
        }
      }
    },
    "node_modules/tailwindcss": {
      "version": "4.1.16",
      "resolved": "https://registry.npmjs.org/tailwindcss/-/tailwindcss-4.1.16.tgz",
      "integrity": "sha512-pONL5awpaQX4LN5eiv7moSiSPd/DLDzKVRJz8Q9PgzmAdd1R4307GQS2ZpfiN7ZmekdQrfhZZiSE5jkLR4WNaA==",
      "license": "MIT"
    },
    "node_modules/tslib": {
      "version": "2.8.1",
      "license": "0BSD"
    },
    "node_modules/zod": {
      "version": "4.1.12",
      "resolved": "https://registry.npmjs.org/zod/-/zod-4.1.12.tgz",
      "integrity": "sha512-JInaHOamG8pt5+Ey8kGmdcAcg3OL9reK8ltczgHTAwNhMys/6ThXHityHxVV2p3fkw/c+MAvBHFVYHFZDmjMCQ==",
      "license": "MIT",
      "peer": true,
      "funding": {
        "url": "https://github.com/sponsors/colinhacks"
      }
    }
  }
}
